
Microsoft Visual Studio Solution File, Format Version 12.00
# Visual Studio Version 17
VisualStudioVersion = 17.4.33110.190
MinimumVisualStudioVersion = 10.0.40219.1
Project("{FAE04EC0-301F-11D3-BF4B-00C04F79EFBC}") = "PracticePatterns", "PracticePatterns\PracticePatterns.csproj", "{70C3C1D8-9E2C-43E0-AF62-8D7DE8EDB6AE}"
EndProject
Global
	GlobalSection(SolutionConfigurationPlatforms) = preSolution
		Debug|Any CPU = Debug|Any CPU
		Release|Any CPU = Release|Any CPU
	EndGlobalSection
	GlobalSection(ProjectConfigurationPlatforms) = postSolution
		{70C3C1D8-9E2C-43E0-AF62-8D7DE8EDB6AE}.Debug|Any CPU.ActiveCfg = Debug|Any CPU
		{70C3C1D8-9E2C-43E0-AF62-8D7DE8EDB6AE}.Debug|Any CPU.Build.0 = Debug|Any CPU
		{70C3C1D8-9E2C-43E0-AF62-8D7DE8EDB6AE}.Release|Any CPU.ActiveCfg = Release|Any CPU
		{70C3C1D8-9E2C-43E0-AF62-8D7DE8EDB6AE}.Release|Any CPU.Build.0 = Release|Any CPU
	EndGlobalSection
	GlobalSection(SolutionProperties) = preSolution
		HideSolutionNode = FALSE
	EndGlobalSection
	GlobalSection(ExtensibilityGlobals) = postSolution
		SolutionGuid = {C8460083-D671-4315-91CB-AAAA952F10F9}
	EndGlobalSection
EndGlobal
